{
  "name": "mainapp",
  "version": "1.0.0",
  "lockfileVersion": 1,
  "requires": true,
  "dependencies": {
    "ultradom": {
      "version": "3.0.1",
      "resolved": "https://registry.npmjs.org/ultradom/-/ultradom-3.0.1.tgz",
      "integrity": "sha512-RDvBcFhhyPFNdqkM9WEtXri82cbtj+j75k6szce2cw/2PPKzGsmTH0F3Bs0Yj+YDrdSDKTyEeX3O1uErNIlCiQ=="
    }
  }
}
